
Microsoft Visual Studio Solution File, Format Version 12.00
# Visual Studio 14
VisualStudioVersion = 14.0.23107.0
MinimumVisualStudioVersion = 10.0.40219.1
Project("{FAE04EC0-301F-11D3-BF4B-00C04F79EFBC}") = "SimpleDemoApp", "SimpleDemoApp\SimpleDemoApp.csproj", "{B43667BD-6149-4A94-A688-4AB23BB509B5}"
EndProject
Project("{FAE04EC0-301F-11D3-BF4B-00C04F79EFBC}") = "SimpleDemoApp.Tests", "SimpleDemoApp.Tests\SimpleDemoApp.Tests.csproj", "{6A9BDAB4-BD87-48AD-9684-DB210432A463}"
EndProject
Project("{FAE04EC0-301F-11D3-BF4B-00C04F79EFBC}") = "OrderManagement", "OrderManagement\OrderManagement.csproj", "{856B0A64-B799-4300-A315-F4E1EB0FEF4E}"
EndProject
Global
	GlobalSection(SolutionConfigurationPlatforms) = preSolution
		Debug|Any CPU = Debug|Any CPU
		Release|Any CPU = Release|Any CPU
	EndGlobalSection
	GlobalSection(ProjectConfigurationPlatforms) = postSolution
		{B43667BD-6149-4A94-A688-4AB23BB509B5}.Debug|Any CPU.ActiveCfg = Debug|Any CPU
		{B43667BD-6149-4A94-A688-4AB23BB509B5}.Debug|Any CPU.Build.0 = Debug|Any CPU
		{B43667BD-6149-4A94-A688-4AB23BB509B5}.Release|Any CPU.ActiveCfg = Release|Any CPU
		{B43667BD-6149-4A94-A688-4AB23BB509B5}.Release|Any CPU.Build.0 = Release|Any CPU
		{6A9BDAB4-BD87-48AD-9684-DB210432A463}.Debug|Any CPU.ActiveCfg = Debug|Any CPU
		{6A9BDAB4-BD87-48AD-9684-DB210432A463}.Debug|Any CPU.Build.0 = Debug|Any CPU
		{6A9BDAB4-BD87-48AD-9684-DB210432A463}.Release|Any CPU.ActiveCfg = Release|Any CPU
		{6A9BDAB4-BD87-48AD-9684-DB210432A463}.Release|Any CPU.Build.0 = Release|Any CPU
		{856B0A64-B799-4300-A315-F4E1EB0FEF4E}.Debug|Any CPU.ActiveCfg = Debug|Any CPU
		{856B0A64-B799-4300-A315-F4E1EB0FEF4E}.Debug|Any CPU.Build.0 = Debug|Any CPU
		{856B0A64-B799-4300-A315-F4E1EB0FEF4E}.Release|Any CPU.ActiveCfg = Release|Any CPU
		{856B0A64-B799-4300-A315-F4E1EB0FEF4E}.Release|Any CPU.Build.0 = Release|Any CPU
	EndGlobalSection
	GlobalSection(SolutionProperties) = preSolution
		HideSolutionNode = FALSE
	EndGlobalSection
EndGlobal
